
Microsoft Visual Studio Solution File, Format Version 12.00
# Visual Studio Version 16
VisualStudioVersion = 16.0.31313.79
MinimumVisualStudioVersion = 10.0.40219.1
Project("{9A19103F-16F7-4668-BE54-9A1E7A4F7556}") = "Models", "Models\Models.csproj", "{D8D32589-6C32-4135-AA92-1BD41AD6CF44}"
EndProject
Project("{9A19103F-16F7-4668-BE54-9A1E7A4F7556}") = "PersistenceData", "PersistenceData\PersistenceData.csproj", "{3F51D2FD-F354-4A79-9B35-73315A42CEC3}"
EndProject
Project("{9A19103F-16F7-4668-BE54-9A1E7A4F7556}") = "DataAccessLogic", "DataAccessLogic\DataAccessLogic.csproj", "{51ADB544-1BEC-42B6-A844-62E255AA4A47}"
EndProject
Project("{9A19103F-16F7-4668-BE54-9A1E7A4F7556}") = "BussinesLogic", "BussinesLogic\BussinesLogic.csproj", "{8D6C6F3C-DAB4-4781-802B-D20FB17EC3D7}"
EndProject
Project("{9A19103F-16F7-4668-BE54-9A1E7A4F7556}") = "UserInterface.Blazor", "UserInterface.Blazor\UserInterface.Blazor.csproj", "{908C8E00-B7C8-47D6-8B0E-120AC47145EF}"
EndProject
Global
	GlobalSection(SolutionConfigurationPlatforms) = preSolution
		Debug|Any CPU = Debug|Any CPU
		Release|Any CPU = Release|Any CPU
	EndGlobalSection
	GlobalSection(ProjectConfigurationPlatforms) = postSolution
		{D8D32589-6C32-4135-AA92-1BD41AD6CF44}.Debug|Any CPU.ActiveCfg = Debug|Any CPU
		{D8D32589-6C32-4135-AA92-1BD41AD6CF44}.Debug|Any CPU.Build.0 = Debug|Any CPU
		{D8D32589-6C32-4135-AA92-1BD41AD6CF44}.Release|Any CPU.ActiveCfg = Release|Any CPU
		{D8D32589-6C32-4135-AA92-1BD41AD6CF44}.Release|Any CPU.Build.0 = Release|Any CPU
		{3F51D2FD-F354-4A79-9B35-73315A42CEC3}.Debug|Any CPU.ActiveCfg = Debug|Any CPU
		{3F51D2FD-F354-4A79-9B35-73315A42CEC3}.Debug|Any CPU.Build.0 = Debug|Any CPU
		{3F51D2FD-F354-4A79-9B35-73315A42CEC3}.Release|Any CPU.ActiveCfg = Release|Any CPU
		{3F51D2FD-F354-4A79-9B35-73315A42CEC3}.Release|Any CPU.Build.0 = Release|Any CPU
		{51ADB544-1BEC-42B6-A844-62E255AA4A47}.Debug|Any CPU.ActiveCfg = Debug|Any CPU
		{51ADB544-1BEC-42B6-A844-62E255AA4A47}.Debug|Any CPU.Build.0 = Debug|Any CPU
		{51ADB544-1BEC-42B6-A844-62E255AA4A47}.Release|Any CPU.ActiveCfg = Release|Any CPU
		{51ADB544-1BEC-42B6-A844-62E255AA4A47}.Release|Any CPU.Build.0 = Release|Any CPU
		{8D6C6F3C-DAB4-4781-802B-D20FB17EC3D7}.Debug|Any CPU.ActiveCfg = Debug|Any CPU
		{8D6C6F3C-DAB4-4781-802B-D20FB17EC3D7}.Debug|Any CPU.Build.0 = Debug|Any CPU
		{8D6C6F3C-DAB4-4781-802B-D20FB17EC3D7}.Release|Any CPU.ActiveCfg = Release|Any CPU
		{8D6C6F3C-DAB4-4781-802B-D20FB17EC3D7}.Release|Any CPU.Build.0 = Release|Any CPU
		{908C8E00-B7C8-47D6-8B0E-120AC47145EF}.Debug|Any CPU.ActiveCfg = Debug|Any CPU
		{908C8E00-B7C8-47D6-8B0E-120AC47145EF}.Debug|Any CPU.Build.0 = Debug|Any CPU
		{908C8E00-B7C8-47D6-8B0E-120AC47145EF}.Release|Any CPU.ActiveCfg = Release|Any CPU
		{908C8E00-B7C8-47D6-8B0E-120AC47145EF}.Release|Any CPU.Build.0 = Release|Any CPU
	EndGlobalSection
	GlobalSection(SolutionProperties) = preSolution
		HideSolutionNode = FALSE
	EndGlobalSection
	GlobalSection(ExtensibilityGlobals) = postSolution
		SolutionGuid = {3BB8C017-7B40-4E2F-A36B-D3FF44EB0683}
	EndGlobalSection
EndGlobal
